
Microsoft Visual Studio Solution File, Format Version 12.00
# Visual Studio Version 16
VisualStudioVersion = 16.0.31729.503
MinimumVisualStudioVersion = 10.0.40219.1
Project("{FAE04EC0-301F-11D3-BF4B-00C04F79EFBC}") = "day5_asg", "day5_asg.csproj", "{7970DB21-8D4F-4DF4-A3FD-E1EECD0BF51D}"
EndProject
Global
	GlobalSection(SolutionConfigurationPlatforms) = preSolution
		Debug|Any CPU = Debug|Any CPU
		Release|Any CPU = Release|Any CPU
	EndGlobalSection
	GlobalSection(ProjectConfigurationPlatforms) = postSolution
		{7970DB21-8D4F-4DF4-A3FD-E1EECD0BF51D}.Debug|Any CPU.ActiveCfg = Debug|Any CPU
		{7970DB21-8D4F-4DF4-A3FD-E1EECD0BF51D}.Debug|Any CPU.Build.0 = Debug|Any CPU
		{7970DB21-8D4F-4DF4-A3FD-E1EECD0BF51D}.Release|Any CPU.ActiveCfg = Release|Any CPU
		{7970DB21-8D4F-4DF4-A3FD-E1EECD0BF51D}.Release|Any CPU.Build.0 = Release|Any CPU
	EndGlobalSection
	GlobalSection(SolutionProperties) = preSolution
		HideSolutionNode = FALSE
	EndGlobalSection
	GlobalSection(ExtensibilityGlobals) = postSolution
		SolutionGuid = {9592869B-0D2B-4535-9E66-C3677E85874C}
	EndGlobalSection
EndGlobal
